
Microsoft Visual Studio Solution File, Format Version 12.00
# Visual Studio 15
VisualStudioVersion = 15.0.28307.1062
MinimumVisualStudioVersion = 10.0.40219.1
Project("{FAE04EC0-301F-11D3-BF4B-00C04F79EFBC}") = "EmailVerification", "EmailVerification.csproj", "{394F12C5-BCEB-4D00-8D36-AD42A9E8E218}"
EndProject
Global
	GlobalSection(SolutionConfigurationPlatforms) = preSolution
		Debug|Any CPU = Debug|Any CPU
		Release|Any CPU = Release|Any CPU
	EndGlobalSection
	GlobalSection(ProjectConfigurationPlatforms) = postSolution
		{394F12C5-BCEB-4D00-8D36-AD42A9E8E218}.Debug|Any CPU.ActiveCfg = Debug|Any CPU
		{394F12C5-BCEB-4D00-8D36-AD42A9E8E218}.Debug|Any CPU.Build.0 = Debug|Any CPU
		{394F12C5-BCEB-4D00-8D36-AD42A9E8E218}.Release|Any CPU.ActiveCfg = Release|Any CPU
		{394F12C5-BCEB-4D00-8D36-AD42A9E8E218}.Release|Any CPU.Build.0 = Release|Any CPU
	EndGlobalSection
	GlobalSection(SolutionProperties) = preSolution
		HideSolutionNode = FALSE
	EndGlobalSection
	GlobalSection(ExtensibilityGlobals) = postSolution
		SolutionGuid = {07EC49DE-5084-486F-8230-7F416EC5BF88}
	EndGlobalSection
EndGlobal
